{
  "version": 1,
  "dependencies": {
    "net6.0": {
      "Discord.Net": {
        "type": "Direct",
        "requested": "[3.7.2, )",
        "resolved": "3.7.2",
        "contentHash": "FAiCLGu5rp6+Z10FjKbbJ6LLpKjbMBGpozixkJlz5LZvuncPx8f4AWFAw7pBecKUuAh983qiZ8CZYZcNXsI4qg==",
        "dependencies": {
          "Discord.Net.Commands": "3.7.2",
          "Discord.Net.Core": "3.7.2",
          "Discord.Net.Interactions": "3.7.2",
          "Discord.Net.Rest": "3.7.2",
          "Discord.Net.WebSocket": "3.7.2",
          "Discord.Net.Webhook": "3.7.2"
        }
      },
      "LQ.EightBallApiWrapper": {
        "type": "Direct",
        "requested": "[1.4.0, )",
        "resolved": "1.4.0",
        "contentHash": "AcpwgF4S+qKZaS8Ocg/+an3KcRnXB9o6RiPW/tqY+x0AcPj/++eiEogZ71TZEAC/VhgPYAcP02E7AjekesIwJA==",
        "dependencies": {
          "Newtonsoft.Json": "12.0.3"
        }
      },
      "Microsoft.Extensions.DependencyInjection": {
        "type": "Direct",
        "requested": "[6.0.0, )",
        "resolved": "6.0.0",
        "contentHash": "k6PWQMuoBDGGHOQTtyois2u4AwyVcIwL2LaSLlTZQm2CYcJ1pxbt6jfAnpWmzENA/wfrYRI/X9DTLoUkE4AsLw==",
        "dependencies": {
          "Microsoft.Extensions.DependencyInjection.Abstractions": "6.0.0",
          "System.Runtime.CompilerServices.Unsafe": "6.0.0"
        }
      },
      "Discord.Net.Commands": {
        "type": "Transitive",
        "resolved": "3.7.2",
        "contentHash": "aOEGP04X64htsTr7ozKj9qHpmvOfitSw5gfR8Tw9TX0+FdswD2LNL2KfOAIaxRKZmRTm34aXQEJrVq0K8AptmQ==",
        "dependencies": {
          "Discord.Net.Core": "3.7.2"
        }
      },
      "Discord.Net.Core": {
        "type": "Transitive",
        "resolved": "3.7.2",
        "contentHash": "apwswc6LjN4dj3u27SO3Hr56Jzl91wzReahieoD7IQhV+BJQaRxhTRiEEWFTrBzHfeFHEOQ7r6vZnra3zeFhKA==",
        "dependencies": {
          "Newtonsoft.Json": "13.0.1",
          "System.Collections.Immutable": "5.0.0",
          "System.Interactive.Async": "5.0.0",
          "System.ValueTuple": "4.5.0"
        }
      },
      "Discord.Net.Interactions": {
        "type": "Transitive",
        "resolved": "3.7.2",
        "contentHash": "dwGhEdDB0yyo/lGtjwIDVZmsuD52di7lIZWu/sBtvvA05dMgYZq5S6ILdsBXjOyaHeXd+EV4YMlj2VS/rm619w==",
        "dependencies": {
          "Discord.Net.Core": "3.7.2",
          "Discord.Net.Rest": "3.7.2",
          "Discord.Net.WebSocket": "3.7.2",
          "Microsoft.Extensions.DependencyInjection.Abstractions": "5.0.0",
          "System.Collections.Immutable": "5.0.0",
          "System.Reactive": "5.0.0"
        }
      },
      "Discord.Net.Rest": {
        "type": "Transitive",
        "resolved": "3.7.2",
        "contentHash": "dyp8YaMBNJ837EH1KNz2PNGZqc2y71WFd1+pdldF+pLQJ3Gf/+V7685paAR7bQw7yFNyqEBR/QRBCNp+QIQ7Wg==",
        "dependencies": {
          "Discord.Net.Core": "3.7.2"
        }
      },
      "Discord.Net.Webhook": {
        "type": "Transitive",
        "resolved": "3.7.2",
        "contentHash": "da3i/mTq2y7mfj3xlHH14S4PivHbflJCVr8OUikJtQrxBOxvPkqP7ZYk3Y9S28q0K8qik+TUjCcjL5gELKrh/A==",
        "dependencies": {
          "Discord.Net.Core": "3.7.2",
          "Discord.Net.Rest": "3.7.2"
        }
      },
      "Discord.Net.WebSocket": {
        "type": "Transitive",
        "resolved": "3.7.2",
        "contentHash": "pYCd6ET44ADaNiyEw82TaJnR7TKYHfrKCytWFWMPL5faJhoh260avZn3Hwunlf331lEQ0f4K1CujPkQbNuq7kQ==",
        "dependencies": {
          "Discord.Net.Core": "3.7.2",
          "Discord.Net.Rest": "3.7.2"
        }
      },
      "Microsoft.Extensions.DependencyInjection.Abstractions": {
        "type": "Transitive",
        "resolved": "6.0.0",
        "contentHash": "xlzi2IYREJH3/m6+lUrQlujzX8wDitm4QGnUu6kUXTQAWPuZY8i+ticFJbzfqaetLA6KR/rO6Ew/HuYD+bxifg=="
      },
      "Newtonsoft.Json": {
        "type": "Transitive",
        "resolved": "13.0.1",
        "contentHash": "ppPFpBcvxdsfUonNcvITKqLl3bqxWbDCZIzDWHzjpdAHRFfZe0Dw9HmA0+za13IdyrgJwpkDTDA9fHaxOrt20A=="
      },
      "System.Collections.Immutable": {
        "type": "Transitive",
        "resolved": "5.0.0",
        "contentHash": "FXkLXiK0sVVewcso0imKQoOxjoPAj42R8HtjjbSjVPAzwDfzoyoznWxgA3c38LDbN9SJux1xXoXYAhz98j7r2g=="
      },
      "System.Interactive.Async": {
        "type": "Transitive",
        "resolved": "5.0.0",
        "contentHash": "QaqhQVDiULcu4vm6o89+iP329HcK44cETHOYgy/jfEjtzeFy0ZxmuM7nel9ocjnKxEM4yh1mli7hgh8Q9o+/Iw==",
        "dependencies": {
          "System.Linq.Async": "5.0.0"
        }
      },
      "System.Linq.Async": {
        "type": "Transitive",
        "resolved": "5.0.0",
        "contentHash": "cPtIuuH8TIjVHSi2ewwReWGW1PfChPE0LxPIDlfwVcLuTM9GANFTXiMB7k3aC4sk3f0cQU25LNKzx+jZMxijqw=="
      },
      "System.Reactive": {
        "type": "Transitive",
        "resolved": "5.0.0",
        "contentHash": "erBZjkQHWL9jpasCE/0qKAryzVBJFxGHVBAvgRN1bzM0q2s1S4oYREEEL0Vb+1kA/6BKb5FjUZMp5VXmy+gzkQ=="
      },
      "System.Runtime.CompilerServices.Unsafe": {
        "type": "Transitive",
        "resolved": "6.0.0",
        "contentHash": "/iUeP3tq1S0XdNNoMz5C9twLSrM/TH+qElHkXWaPvuNOt+99G75NrV0OS2EqHx5wMN7popYjpc8oTjC1y16DLg=="
      },
      "System.ValueTuple": {
        "type": "Transitive",
        "resolved": "4.5.0",
        "contentHash": "okurQJO6NRE/apDIP23ajJ0hpiNmJ+f0BwOlB/cSqTLQlw5upkf+5+96+iG2Jw40G1fCVCyPz/FhIABUjMR+RQ=="
      }
    }
  }
}